
Microsoft Visual Studio Solution File, Format Version 12.00
# Visual Studio Version 17
VisualStudioVersion = 17.0.31919.166
MinimumVisualStudioVersion = 10.0.40219.1
Project("{2150E333-8FDC-42A3-9474-1A3956D46DE8}") = "Src", "Src", "{88D31161-B202-4D4C-8155-643BCE3CFBA6}"
EndProject
Project("{9A19103F-16F7-4668-BE54-9A1E7A4F7556}") = "Domain", "Domain\Domain.csproj", "{87B45AF3-5F01-4CE9-BE46-2050860CCC62}"
EndProject
Project("{9A19103F-16F7-4668-BE54-9A1E7A4F7556}") = "Application", "Application\Application.csproj", "{EBA4CAF1-9DA0-416C-A3B8-242B33D08D99}"
EndProject
Project("{9A19103F-16F7-4668-BE54-9A1E7A4F7556}") = "Infrastructure", "Infrastructure\Infrastructure.csproj", "{245A9DD7-BCFF-47BE-8B5E-9D0DC2F7390A}"
EndProject
Project("{9A19103F-16F7-4668-BE54-9A1E7A4F7556}") = "WebUI", "WebUI\WebUI.csproj", "{2F612067-35C9-4BD1-B910-B0EBDB759198}"
EndProject
Project("{E53339B2-1760-4266-BCC7-CA923CBCF16C}") = "docker-compose", "docker-compose.dcproj", "{92AF258D-121A-434C-98FF-8DE4FCF155F9}"
EndProject
Global
	GlobalSection(SolutionConfigurationPlatforms) = preSolution
		Debug|Any CPU = Debug|Any CPU
		Release|Any CPU = Release|Any CPU
	EndGlobalSection
	GlobalSection(ProjectConfigurationPlatforms) = postSolution
		{87B45AF3-5F01-4CE9-BE46-2050860CCC62}.Debug|Any CPU.ActiveCfg = Debug|Any CPU
		{87B45AF3-5F01-4CE9-BE46-2050860CCC62}.Debug|Any CPU.Build.0 = Debug|Any CPU
		{87B45AF3-5F01-4CE9-BE46-2050860CCC62}.Release|Any CPU.ActiveCfg = Release|Any CPU
		{87B45AF3-5F01-4CE9-BE46-2050860CCC62}.Release|Any CPU.Build.0 = Release|Any CPU
		{EBA4CAF1-9DA0-416C-A3B8-242B33D08D99}.Debug|Any CPU.ActiveCfg = Debug|Any CPU
		{EBA4CAF1-9DA0-416C-A3B8-242B33D08D99}.Debug|Any CPU.Build.0 = Debug|Any CPU
		{EBA4CAF1-9DA0-416C-A3B8-242B33D08D99}.Release|Any CPU.ActiveCfg = Release|Any CPU
		{EBA4CAF1-9DA0-416C-A3B8-242B33D08D99}.Release|Any CPU.Build.0 = Release|Any CPU
		{245A9DD7-BCFF-47BE-8B5E-9D0DC2F7390A}.Debug|Any CPU.ActiveCfg = Debug|Any CPU
		{245A9DD7-BCFF-47BE-8B5E-9D0DC2F7390A}.Debug|Any CPU.Build.0 = Debug|Any CPU
		{245A9DD7-BCFF-47BE-8B5E-9D0DC2F7390A}.Release|Any CPU.ActiveCfg = Release|Any CPU
		{245A9DD7-BCFF-47BE-8B5E-9D0DC2F7390A}.Release|Any CPU.Build.0 = Release|Any CPU
		{2F612067-35C9-4BD1-B910-B0EBDB759198}.Debug|Any CPU.ActiveCfg = Debug|Any CPU
		{2F612067-35C9-4BD1-B910-B0EBDB759198}.Debug|Any CPU.Build.0 = Debug|Any CPU
		{2F612067-35C9-4BD1-B910-B0EBDB759198}.Release|Any CPU.ActiveCfg = Release|Any CPU
		{2F612067-35C9-4BD1-B910-B0EBDB759198}.Release|Any CPU.Build.0 = Release|Any CPU
		{92AF258D-121A-434C-98FF-8DE4FCF155F9}.Debug|Any CPU.ActiveCfg = Debug|Any CPU
		{92AF258D-121A-434C-98FF-8DE4FCF155F9}.Debug|Any CPU.Build.0 = Debug|Any CPU
		{92AF258D-121A-434C-98FF-8DE4FCF155F9}.Release|Any CPU.ActiveCfg = Release|Any CPU
		{92AF258D-121A-434C-98FF-8DE4FCF155F9}.Release|Any CPU.Build.0 = Release|Any CPU
	EndGlobalSection
	GlobalSection(SolutionProperties) = preSolution
		HideSolutionNode = FALSE
	EndGlobalSection
	GlobalSection(NestedProjects) = preSolution
		{87B45AF3-5F01-4CE9-BE46-2050860CCC62} = {88D31161-B202-4D4C-8155-643BCE3CFBA6}
		{EBA4CAF1-9DA0-416C-A3B8-242B33D08D99} = {88D31161-B202-4D4C-8155-643BCE3CFBA6}
		{245A9DD7-BCFF-47BE-8B5E-9D0DC2F7390A} = {88D31161-B202-4D4C-8155-643BCE3CFBA6}
		{2F612067-35C9-4BD1-B910-B0EBDB759198} = {88D31161-B202-4D4C-8155-643BCE3CFBA6}
	EndGlobalSection
	GlobalSection(ExtensibilityGlobals) = postSolution
		SolutionGuid = {65D6152A-AF98-4F92-9FB2-F159E05237B4}
	EndGlobalSection
EndGlobal
